{
    "_meta": {
        "hash": {
            "sha256": "ae02773fdb94fb56b7f96e14705c4d4d4475a425154ad5b1466a25855e8a8cc8"
        },
        "pipfile-spec": 6,
        "requires": {
            "python_version": "2.7"
        },
        "sources": [
            {
                "name": "pypi",
                "url": "https://pypi.org/simple",
                "verify_ssl": true
            }
        ]
    },
    "default": {
        "argparse": {
            "hashes": [
                "sha256:ddaf4b0a618335a32b6664d4ae038a1de8fbada3b25033f9021510ed2b3941a4"
            ],
            "index": "pypi",
            "version": "==1.2.1"
        },
        "click": {
            "hashes": [
                "sha256:29f99fc6125fbc931b758dc053b3114e55c77a6e4c6c3a2674a2dc986016381d",
                "sha256:f15516df478d5a56180fbf80e68f206010e6d160fc39fa508b65e035fd75130b"
            ],
            "index": "pypi",
            "version": "==6.7"
        },
        "cloudpickle": {
            "hashes": [
                "sha256:0390ecb3731ac035d74c34651460f4a683e9ef7443861712b8d56c20c2f92113",
                "sha256:bbb62d398da6d381072ef332b25bebeaf4b08f82d8cb5a2c1fb170c9fce7c249"
            ],
            "version": "==0.5.6"
        },
        "configparser": {
            "hashes": [
                "sha256:5308b47021bc2340965c371f0f058cc6971a04502638d4244225c49d80db273a"
            ],
            "version": "==3.5.0"
        },
        "doit": {
            "hashes": [
                "sha256:fcb479482644de3e83d6faed9b29373f1f38942b79b991a7432943a84416d5cd"
            ],
            "index": "pypi",
            "version": "==0.29.0"
        },
        "flask": {
            "hashes": [
                "sha256:2271c0070dbcb5275fad4a82e29f23ab92682dc45f9dfbc22c02ba9b9322ce48",
                "sha256:a080b744b7e345ccfcbc77954861cb05b3c63786e93f2b3875e0913d44b43f05"
            ],
            "index": "pypi",
            "version": "==1.0.2"
        },
        "flask-markdown": {
            "hashes": [
                "sha256:d8c3f02545b395ad525b86760ad721a2c50efa3b8e602a8d486a1f47f68c6250"
            ],
            "index": "pypi",
            "markers": "python_version >= '2.7' and python_version != '3.0.*' and python_version != '3.1.*' and python_version != '3.2.*' and python_version != '3.3.*'",
            "version": "==0.3"
        },
        "frozen-flask": {
            "hashes": [
                "sha256:0a7a71334210ce84f8cbd1dc23c8b265d3e21748805c09c77d0e6fbcc4faab14",
                "sha256:83858d6ed8b9d3fa7fc9523e415e65fb86b99352798d7695f63cffbd59a56269"
            ],
            "index": "pypi",
            "version": "==0.15"
        },
        "itsdangerous": {
            "hashes": [
                "sha256:cbb3fcf8d3e33df861709ecaf89d9e6629cff0a217bc2848f1b41cd30d360519"
            ],
            "index": "pypi",
            "version": "==0.24"
        },
        "jinja2": {
            "hashes": [
                "sha256:74c935a1b8bb9a3947c50a54766a969d4846290e1e788ea44c1392163723c3bd",
                "sha256:f84be1bb0040caca4cea721fcbbbbd61f9be9464ca236387158b0feea01914a4"
            ],
            "index": "pypi",
            "version": "==2.10"
        },
        "macfsevents": {
            "hashes": [
                "sha256:1324b66b356051de662ba87d84f73ada062acd42b047ed1246e60a449f833e10"
            ],
            "version": "==0.8.1"
        },
        "markdown": {
            "hashes": [
                "sha256:9ba587db9daee7ec761cfc656272be6aabe2ed300fece21208e4aab2e457bc8f",
                "sha256:a856869c7ff079ad84a3e19cd87a64998350c2b94e9e08e44270faef33400f81"
            ],
            "index": "pypi",
            "version": "==2.6.11"
        },
        "markupsafe": {
            "hashes": [
                "sha256:a6be69091dac236ea9c6bc7d012beab42010fa914c459791d627dad4910eb665"
            ],
            "index": "pypi",
            "version": "==1.0"
        },
        "six": {
            "hashes": [
                "sha256:70e8a77beed4562e7f14fe23a786b54f6296e34344c23bc42f07b15018ff98e9",
                "sha256:832dc0e10feb1aa2c68dcc57dbb658f1c7e65b9b61af69048abc87a2db00a0eb"
            ],
            "version": "==1.11.0"
        },
        "werkzeug": {
            "hashes": [
                "sha256:c3fd7a7d41976d9f44db327260e263132466836cef6f91512889ed60ad26557c",
                "sha256:d5da73735293558eb1651ee2fddc4d0dedcfa06538b8813a2e20011583c9e49b"
            ],
            "index": "pypi",
            "version": "==0.14.1"
        },
        "wsgiref": {
            "hashes": [
                "sha256:c7e610c800957046c04c8014aab8cce8f0b9f0495c8cd349e57c1f7cabf40e79"
            ],
            "index": "pypi",
            "version": "==0.1.2"
        }
    },
    "develop": {}
}
